
Microsoft Visual Studio Solution File, Format Version 12.00
# Visual Studio Version 17
VisualStudioVersion = 17.0.31912.275
MinimumVisualStudioVersion = 10.0.40219.1
Project("{9A19103F-16F7-4668-BE54-9A1E7A4F7556}") = "Domain", "Domain\Domain.csproj", "{4BD9CCED-7036-479A-A842-D3719426CA68}"
EndProject
Project("{9A19103F-16F7-4668-BE54-9A1E7A4F7556}") = "Application", "Application\Application.csproj", "{19A1CCFA-C259-4B40-930B-479C4F03D46F}"
EndProject
Project("{FAE04EC0-301F-11D3-BF4B-00C04F79EFBC}") = "UnitTests", "UnitTests\UnitTests.csproj", "{96F305FB-E914-490F-B3F8-BB8A4A94F716}"
EndProject
Global
	GlobalSection(SolutionConfigurationPlatforms) = preSolution
		Debug|Any CPU = Debug|Any CPU
		Release|Any CPU = Release|Any CPU
	EndGlobalSection
	GlobalSection(ProjectConfigurationPlatforms) = postSolution
		{4BD9CCED-7036-479A-A842-D3719426CA68}.Debug|Any CPU.ActiveCfg = Debug|Any CPU
		{4BD9CCED-7036-479A-A842-D3719426CA68}.Debug|Any CPU.Build.0 = Debug|Any CPU
		{4BD9CCED-7036-479A-A842-D3719426CA68}.Release|Any CPU.ActiveCfg = Release|Any CPU
		{4BD9CCED-7036-479A-A842-D3719426CA68}.Release|Any CPU.Build.0 = Release|Any CPU
		{19A1CCFA-C259-4B40-930B-479C4F03D46F}.Debug|Any CPU.ActiveCfg = Debug|Any CPU
		{19A1CCFA-C259-4B40-930B-479C4F03D46F}.Debug|Any CPU.Build.0 = Debug|Any CPU
		{19A1CCFA-C259-4B40-930B-479C4F03D46F}.Release|Any CPU.ActiveCfg = Release|Any CPU
		{19A1CCFA-C259-4B40-930B-479C4F03D46F}.Release|Any CPU.Build.0 = Release|Any CPU
		{96F305FB-E914-490F-B3F8-BB8A4A94F716}.Debug|Any CPU.ActiveCfg = Debug|Any CPU
		{96F305FB-E914-490F-B3F8-BB8A4A94F716}.Debug|Any CPU.Build.0 = Debug|Any CPU
		{96F305FB-E914-490F-B3F8-BB8A4A94F716}.Release|Any CPU.ActiveCfg = Release|Any CPU
		{96F305FB-E914-490F-B3F8-BB8A4A94F716}.Release|Any CPU.Build.0 = Release|Any CPU
	EndGlobalSection
	GlobalSection(SolutionProperties) = preSolution
		HideSolutionNode = FALSE
	EndGlobalSection
	GlobalSection(ExtensibilityGlobals) = postSolution
		SolutionGuid = {11773266-3AE6-4E53-9B5D-B253BBC08EDB}
	EndGlobalSection
EndGlobal
